// !$*UTF8*$!
{
	archiveVersion = 1;
	classes = {
	};
	objectVersion = 48;
	objects = {

/* Begin PBXBuildFile section */
		00BBCB111FF4E75A009AC432 /* AppDelegate.m in Sources */ = {isa = PBXBuildFile; fileRef = 00BBCB101FF4E75A009AC432 /* AppDelegate.m */; };
		00BBCB141FF4E75A009AC432 /* ViewController.m in Sources */ = {isa = PBXBuildFile; fileRef = 00BBCB131FF4E75A009AC432 /* ViewController.m */; };
		00BBCB171FF4E75A009AC432 /* Main.storyboard in Resources */ = {isa = PBXBuildFile; fileRef = 00BBCB151FF4E75A009AC432 /* Main.storyboard */; };
		00BBCB191FF4E75A009AC432 /* Assets.xcassets in Resources */ = {isa = PBXBuildFile; fileRef = 00BBCB181FF4E75A009AC432 /* Assets.xcassets */; };
		00BBCB1C1FF4E75A009AC432 /* LaunchScreen.storyboard in Resources */ = {isa = PBXBuildFile; fileRef = 00BBCB1A1FF4E75A009AC432 /* LaunchScreen.storyboard */; };
		00BBCB1F1FF4E75A009AC432 /* main.m in Sources */ = {isa = PBXBuildFile; fileRef = 00BBCB1E1FF4E75A009AC432 /* main.m */; };
		00BBCB291FF4E75A009AC432 /* __Tests.m in Sources */ = {isa = PBXBuildFile; fileRef = 00BBCB281FF4E75A009AC432 /* __Tests.m */; };
		00BBCB341FF4E75A009AC432 /* __UITests.m in Sources */ = {isa = PBXBuildFile; fileRef = 00BBCB331FF4E75A009AC432 /* __UITests.m */; };
/* End PBXBuildFile section */

/* Begin PBXContainerItemProxy section */
		00BBCB251FF4E75A009AC432 /* PBXContainerItemProxy */ = {
			isa = PBXContainerItemProxy;
			containerPortal = 00BBCB041FF4E75A009AC432 /* Project object */;
			proxyType = 1;
			remoteGlobalIDString = 00BBCB0B1FF4E75A009AC432;
			remoteInfo = "规格";
		};
		00BBCB301FF4E75A009AC432 /* PBXContainerItemProxy */ = {
			isa = PBXContainerItemProxy;
			containerPortal = 00BBCB041FF4E75A009AC432 /* Project object */;
			proxyType = 1;
			remoteGlobalIDString = 00BBCB0B1FF4E75A009AC432;
			remoteInfo = "规格";
		};
/* End PBXContainerItemProxy section */

/* Begin PBXFileReference section */
		00BBCB0C1FF4E75A009AC432 /* 规格.app */ = {isa = PBXFileReference; explicitFileType = wrapper.application; includeInIndex = 0; path = "规格.app"; sourceTree = BUILT_PRODUCTS_DIR; };
		00BBCB0F1FF4E75A009AC432 /* AppDelegate.h */ = {isa = PBXFileReference; lastKnownFileType = sourcecode.c.h; path = AppDelegate.h; sourceTree = "<group>"; };
		00BBCB101FF4E75A009AC432 /* AppDelegate.m */ = {isa = PBXFileReference; lastKnownFileType = sourcecode.c.objc; path = AppDelegate.m; sourceTree = "<group>"; };
		00BBCB121FF4E75A009AC432 /* ViewController.h */ = {isa = PBXFileReference; lastKnownFileType = sourcecode.c.h; path = ViewController.h; sourceTree = "<group>"; };
		00BBCB131FF4E75A009AC432 /* ViewController.m */ = {isa = PBXFileReference; lastKnownFileType = sourcecode.c.objc; path = ViewController.m; sourceTree = "<group>"; };
		00BBCB161FF4E75A009AC432 /* Base */ = {isa = PBXFileReference; lastKnownFileType = file.storyboard; name = Base; path = Base.lproj/Main.storyboard; sourceTree = "<group>"; };
		00BBCB181FF4E75A009AC432 /* Assets.xcassets */ = {isa = PBXFileReference; lastKnownFileType = folder.assetcatalog; path = Assets.xcassets; sourceTree = "<group>"; };
		00BBCB1B1FF4E75A009AC432 /* Base */ = {isa = PBXFileReference; lastKnownFileType = file.storyboard; name = Base; path = Base.lproj/LaunchScreen.storyboard; sourceTree = "<group>"; };
		00BBCB1D1FF4E75A009AC432 /* Info.plist */ = {isa = PBXFileReference; lastKnownFileType = text.plist.xml; path = Info.plist; sourceTree = "<group>"; };
		00BBCB1E1FF4E75A009AC432 /* main.m */ = {isa = PBXFileReference; lastKnownFileType = sourcecode.c.objc; path = main.m; sourceTree = "<group>"; };
		00BBCB241FF4E75A009AC432 /* 规格Tests.xctest */ = {isa = PBXFileReference; explicitFileType = wrapper.cfbundle; includeInIndex = 0; path = "规格Tests.xctest"; sourceTree = BUILT_PRODUCTS_DIR; };
		00BBCB281FF4E75A009AC432 /* __Tests.m */ = {isa = PBXFileReference; lastKnownFileType = sourcecode.c.objc; path = __Tests.m; sourceTree = "<group>"; };
		00BBCB2A1FF4E75A009AC432 /* Info.plist */ = {isa = PBXFileReference; lastKnownFileType = text.plist.xml; path = Info.plist; sourceTree = "<group>"; };
		00BBCB2F1FF4E75A009AC432 /* 规格UITests.xctest */ = {isa = PBXFileReference; explicitFileType = wrapper.cfbundle; includeInIndex = 0; path = "规格UITests.xctest"; sourceTree = BUILT_PRODUCTS_DIR; };
		00BBCB331FF4E75A009AC432 /* __UITests.m */ = {isa = PBXFileReference; lastKnownFileType = sourcecode.c.objc; path = __UITests.m; sourceTree = "<group>"; };
		00BBCB351FF4E75A009AC432 /* Info.plist */ = {isa = PBXFileReference; lastKnownFileType = text.plist.xml; path = Info.plist; sourceTree = "<group>"; };
/* End PBXFileReference section */

/* Begin PBXFrameworksBuildPhase section */
		00BBCB091FF4E75A009AC432 /* Frameworks */ = {
			isa = PBXFrameworksBuildPhase;
			buildActionMask = 2147483647;
			files = (
			);
			runOnlyForDeploymentPostprocessing = 0;
		};
		00BBCB211FF4E75A009AC432 /* Frameworks */ = {
			isa = PBXFrameworksBuildPhase;
			buildActionMask = 2147483647;
			files = (
			);
			runOnlyForDeploymentPostprocessing = 0;
		};
		00BBCB2C1FF4E75A009AC432 /* Frameworks */ = {
			isa = PBXFrameworksBuildPhase;
			buildActionMask = 2147483647;
			files = (
			);
			runOnlyForDeploymentPostprocessing = 0;
		};
/* End PBXFrameworksBuildPhase section */

/* Begin PBXGroup section */
		00BBCB031FF4E75A009AC432 = {
			isa = PBXGroup;
			children = (
				00BBCB0E1FF4E75A009AC432 /* 规格 */,
				00BBCB271FF4E75A009AC432 /* 规格Tests */,
				00BBCB321FF4E75A009AC432 /* 规格UITests */,
				00BBCB0D1FF4E75A009AC432 /* Products */,
			);
			sourceTree = "<group>";
		};
		00BBCB0D1FF4E75A009AC432 /* Products */ = {
			isa = PBXGroup;
			children = (
				00BBCB0C1FF4E75A009AC432 /* 规格.app */,
				00BBCB241FF4E75A009AC432 /* 规格Tests.xctest */,
				00BBCB2F1FF4E75A009AC432 /* 规格UITests.xctest */,
			);
			name = Products;
			sourceTree = "<group>";
		};
		00BBCB0E1FF4E75A009AC432 /* 规格 */ = {
			isa = PBXGroup;
			children = (
				00BBCB0F1FF4E75A009AC432 /* AppDelegate.h */,
				00BBCB101FF4E75A009AC432 /* AppDelegate.m */,
				00BBCB121FF4E75A009AC432 /* ViewController.h */,
				00BBCB131FF4E75A009AC432 /* ViewController.m */,
				00BBCB151FF4E75A009AC432 /* Main.storyboard */,
				00BBCB181FF4E75A009AC432 /* Assets.xcassets */,
				00BBCB1A1FF4E75A009AC432 /* LaunchScreen.storyboard */,
				00BBCB1D1FF4E75A009AC432 /* Info.plist */,
				00BBCB1E1FF4E75A009AC432 /* main.m */,
			);
			path = "规格";
			sourceTree = "<group>";
		};
		00BBCB271FF4E75A009AC432 /* 规格Tests */ = {
			isa = PBXGroup;
			children = (
				00BBCB281FF4E75A009AC432 /* __Tests.m */,
				00BBCB2A1FF4E75A009AC432 /* Info.plist */,
			);
			path = "规格Tests";
			sourceTree = "<group>";
		};
		00BBCB321FF4E75A009AC432 /* 规格UITests */ = {
			isa = PBXGroup;
			children = (
				00BBCB331FF4E75A009AC432 /* __UITests.m */,
				00BBCB351FF4E75A009AC432 /* Info.plist */,
			);
			path = "规格UITests";
			sourceTree = "<group>";
		};
/* End PBXGroup section */

/* Begin PBXNativeTarget section */
		00BBCB0B1FF4E75A009AC432 /* 规格 */ = {
			isa = PBXNativeTarget;
			buildConfigurationList = 00BBCB381FF4E75A009AC432 /* Build configuration list for PBXNativeTarget "规格" */;
			buildPhases = (
				00BBCB081FF4E75A009AC432 /* Sources */,
				00BBCB091FF4E75A009AC432 /* Frameworks */,
				00BBCB0A1FF4E75A009AC432 /* Resources */,
			);
			buildRules = (
			);
			dependencies = (
			);
			name = "规格";
			productName = "规格";
			productReference = 00BBCB0C1FF4E75A009AC432 /* 规格.app */;
			productType = "com.apple.product-type.application";
		};
		00BBCB231FF4E75A009AC432 /* 规格Tests */ = {
			isa = PBXNativeTarget;
			buildConfigurationList = 00BBCB3B1FF4E75A009AC432 /* Build configuration list for PBXNativeTarget "规格Tests" */;
			buildPhases = (
				00BBCB201FF4E75A009AC432 /* Sources */,
				00BBCB211FF4E75A009AC432 /* Frameworks */,
				00BBCB221FF4E75A009AC432 /* Resources */,
			);
			buildRules = (
			);
			dependencies = (
				00BBCB261FF4E75A009AC432 /* PBXTargetDependency */,
			);
			name = "规格Tests";
			productName = "规格Tests";
			productReference = 00BBCB241FF4E75A009AC432 /* 规格Tests.xctest */;
			productType = "com.apple.product-type.bundle.unit-test";
		};
		00BBCB2E1FF4E75A009AC432 /* 规格UITests */ = {
			isa = PBXNativeTarget;
			buildConfigurationList = 00BBCB3E1FF4E75A009AC432 /* Build configuration list for PBXNativeTarget "规格UITests" */;
			buildPhases = (
				00BBCB2B1FF4E75A009AC432 /* Sources */,
				00BBCB2C1FF4E75A009AC432 /* Frameworks */,
				00BBCB2D1FF4E75A009AC432 /* Resources */,
			);
			buildRules = (
			);
			dependencies = (
				00BBCB311FF4E75A009AC432 /* PBXTargetDependency */,
			);
			name = "规格UITests";
			productName = "规格UITests";
			productReference = 00BBCB2F1FF4E75A009AC432 /* 规格UITests.xctest */;
			productType = "com.apple.product-type.bundle.ui-testing";
		};
/* End PBXNativeTarget section */

/* Begin PBXProject section */
		00BBCB041FF4E75A009AC432 /* Project object */ = {
			isa = PBXProject;
			attributes = {
				LastUpgradeCheck = 0900;
				ORGANIZATIONNAME = weiyankeji;
				TargetAttributes = {
					00BBCB0B1FF4E75A009AC432 = {
						CreatedOnToolsVersion = 9.0;
						ProvisioningStyle = Automatic;
					};
					00BBCB231FF4E75A009AC432 = {
						CreatedOnToolsVersion = 9.0;
						ProvisioningStyle = Automatic;
						TestTargetID = 00BBCB0B1FF4E75A009AC432;
					};
					00BBCB2E1FF4E75A009AC432 = {
						CreatedOnToolsVersion = 9.0;
						ProvisioningStyle = Automatic;
						TestTargetID = 00BBCB0B1FF4E75A009AC432;
					};
				};
			};
			buildConfigurationList = 00BBCB071FF4E75A009AC432 /* Build configuration list for PBXProject "规格" */;
			compatibilityVersion = "Xcode 8.0";
			developmentRegion = en;
			hasScannedForEncodings = 0;
			knownRegions = (
				en,
				Base,
			);
			mainGroup = 00BBCB031FF4E75A009AC432;
			productRefGroup = 00BBCB0D1FF4E75A009AC432 /* Products */;
			projectDirPath = "";
			projectRoot = "";
			targets = (
				00BBCB0B1FF4E75A009AC432 /* 规格 */,
				00BBCB231FF4E75A009AC432 /* 规格Tests */,
				00BBCB2E1FF4E75A009AC432 /* 规格UITests */,
			);
		};
/* End PBXProject section */

/* Begin PBXResourcesBuildPhase section */
		00BBCB0A1FF4E75A009AC432 /* Resources */ = {
			isa = PBXResourcesBuildPhase;
			buildActionMask = 2147483647;
			files = (
				00BBCB1C1FF4E75A009AC432 /* LaunchScreen.storyboard in Resources */,
				00BBCB191FF4E75A009AC432 /* Assets.xcassets in Resources */,
				00BBCB171FF4E75A009AC432 /* Main.storyboard in Resources */,
			);
			runOnlyForDeploymentPostprocessing = 0;
		};
		00BBCB221FF4E75A009AC432 /* Resources */ = {
			isa = PBXResourcesBuildPhase;
			buildActionMask = 2147483647;
			files = (
			);
			runOnlyForDeploymentPostprocessing = 0;
		};
		00BBCB2D1FF4E75A009AC432 /* Resources */ = {
			isa = PBXResourcesBuildPhase;
			buildActionMask = 2147483647;
			files = (
			);
			runOnlyForDeploymentPostprocessing = 0;
		};
/* End PBXResourcesBuildPhase section */

/* Begin PBXSourcesBuildPhase section */
		00BBCB081FF4E75A009AC432 /* Sources */ = {
			isa = PBXSourcesBuildPhase;
			buildActionMask = 2147483647;
			files = (
				00BBCB141FF4E75A009AC432 /* ViewController.m in Sources */,
				00BBCB1F1FF4E75A009AC432 /* main.m in Sources */,
				00BBCB111FF4E75A009AC432 /* AppDelegate.m in Sources */,
			);
			runOnlyForDeploymentPostprocessing = 0;
		};
		00BBCB201FF4E75A009AC432 /* Sources */ = {
			isa = PBXSourcesBuildPhase;
			buildActionMask = 2147483647;
			files = (
				00BBCB291FF4E75A009AC432 /* __Tests.m in Sources */,
			);
			runOnlyForDeploymentPostprocessing = 0;
		};
		00BBCB2B1FF4E75A009AC432 /* Sources */ = {
			isa = PBXSourcesBuildPhase;
			buildActionMask = 2147483647;
			files = (
				00BBCB341FF4E75A009AC432 /* __UITests.m in Sources */,
			);
			runOnlyForDeploymentPostprocessing = 0;
		};
/* End PBXSourcesBuildPhase section */

/* Begin PBXTargetDependency section */
		00BBCB261FF4E75A009AC432 /* PBXTargetDependency */ = {
			isa = PBXTargetDependency;
			target = 00BBCB0B1FF4E75A009AC432 /* 规格 */;
			targetProxy = 00BBCB251FF4E75A009AC432 /* PBXContainerItemProxy */;
		};
		00BBCB311FF4E75A009AC432 /* PBXTargetDependency */ = {
			isa = PBXTargetDependency;
			target = 00BBCB0B1FF4E75A009AC432 /* 规格 */;
			targetProxy = 00BBCB301FF4E75A009AC432 /* PBXContainerItemProxy */;
		};
/* End PBXTargetDependency section */

/* Begin PBXVariantGroup section */
		00BBCB151FF4E75A009AC432 /* Main.storyboard */ = {
			isa = PBXVariantGroup;
			children = (
				00BBCB161FF4E75A009AC432 /* Base */,
			);
			name = Main.storyboard;
			sourceTree = "<group>";
		};
		00BBCB1A1FF4E75A009AC432 /* LaunchScreen.storyboard */ = {
			isa = PBXVariantGroup;
			children = (
				00BBCB1B1FF4E75A009AC432 /* Base */,
			);
			name = LaunchScreen.storyboard;
			sourceTree = "<group>";
		};
/* End PBXVariantGroup section */

/* Begin XCBuildConfiguration section */
		00BBCB361FF4E75A009AC432 /* Debug */ = {
			isa = XCBuildConfiguration;
			buildSettings = {
				ALWAYS_SEARCH_USER_PATHS = NO;
				CLANG_ANALYZER_NONNULL = YES;
				CLANG_ANALYZER_NUMBER_OBJECT_CONVERSION = YES_AGGRESSIVE;
				CLANG_CXX_LANGUAGE_STANDARD = "gnu++14";
				CLANG_CXX_LIBRARY = "libc++";
				CLANG_ENABLE_MODULES = YES;
				CLANG_ENABLE_OBJC_ARC = YES;
				CLANG_WARN_BLOCK_CAPTURE_AUTORELEASING = YES;
				CLANG_WARN_BOOL_CONVERSION = YES;
				CLANG_WARN_COMMA = YES;
				CLANG_WARN_CONSTANT_CONVERSION = YES;
				CLANG_WARN_DIRECT_OBJC_ISA_USAGE = YES_ERROR;
				CLANG_WARN_DOCUMENTATION_COMMENTS = YES;
				CLANG_WARN_EMPTY_BODY = YES;
				CLANG_WARN_ENUM_CONVERSION = YES;
				CLANG_WARN_INFINITE_RECURSION = YES;
				CLANG_WARN_INT_CONVERSION = YES;
				CLANG_WARN_NON_LITERAL_NULL_CONVERSION = YES;
				CLANG_WARN_OBJC_LITERAL_CONVERSION = YES;
				CLANG_WARN_OBJC_ROOT_CLASS = YES_ERROR;
				CLANG_WARN_RANGE_LOOP_ANALYSIS = YES;
				CLANG_WARN_STRICT_PROTOTYPES = YES;
				CLANG_WARN_SUSPICIOUS_MOVE = YES;
				CLANG_WARN_UNGUARDED_AVAILABILITY = YES_AGGRESSIVE;
				CLANG_WARN_UNREACHABLE_CODE = YES;
				CLANG_WARN__DUPLICATE_METHOD_MATCH = YES;
				CODE_SIGN_IDENTITY = "iPhone Developer";
				COPY_PHASE_STRIP = NO;
				DEBUG_INFORMATION_FORMAT = dwarf;
				ENABLE_STRICT_OBJC_MSGSEND = YES;
				ENABLE_TESTABILITY = YES;
				GCC_C_LANGUAGE_STANDARD = gnu11;
				GCC_DYNAMIC_NO_PIC = NO;
				GCC_NO_COMMON_BLOCKS = YES;
				GCC_OPTIMIZATION_LEVEL = 0;
				GCC_PREPROCESSOR_DEFINITIONS = (
					"DEBUG=1",
					"$(inherited)",
				);
				GCC_WARN_64_TO_32_BIT_CONVERSION = YES;
				GCC_WARN_ABOUT_RETURN_TYPE = YES_ERROR;
				GCC_WARN_UNDECLARED_SELECTOR = YES;
				GCC_WARN_UNINITIALIZED_AUTOS = YES_AGGRESSIVE;
				GCC_WARN_UNUSED_FUNCTION = YES;
				GCC_WARN_UNUSED_VARIABLE = YES;
				IPHONEOS_DEPLOYMENT_TARGET = 11.0;
				MTL_ENABLE_DEBUG_INFO = YES;
				ONLY_ACTIVE_ARCH = YES;
				SDKROOT = iphoneos;
			};
			name = Debug;
		};
		00BBCB371FF4E75A009AC432 /* Release */ = {
			isa = XCBuildConfiguration;
			buildSettings = {
				ALWAYS_SEARCH_USER_PATHS = NO;
				CLANG_ANALYZER_NONNULL = YES;
				CLANG_ANALYZER_NUMBER_OBJECT_CONVERSION = YES_AGGRESSIVE;
				CLANG_CXX_LANGUAGE_STANDARD = "gnu++14";
				CLANG_CXX_LIBRARY = "libc++";
				CLANG_ENABLE_MODULES = YES;
				CLANG_ENABLE_OBJC_ARC = YES;
				CLANG_WARN_BLOCK_CAPTURE_AUTORELEASING = YES;
				CLANG_WARN_BOOL_CONVERSION = YES;
				CLANG_WARN_COMMA = YES;
				CLANG_WARN_CONSTANT_CONVERSION = YES;
				CLANG_WARN_DIRECT_OBJC_ISA_USAGE = YES_ERROR;
				CLANG_WARN_DOCUMENTATION_COMMENTS = YES;
				CLANG_WARN_EMPTY_BODY = YES;
				CLANG_WARN_ENUM_CONVERSION = YES;
				CLANG_WARN_INFINITE_RECURSION = YES;
				CLANG_WARN_INT_CONVERSION = YES;
				CLANG_WARN_NON_LITERAL_NULL_CONVERSION = YES;
				CLANG_WARN_OBJC_LITERAL_CONVERSION = YES;
				CLANG_WARN_OBJC_ROOT_CLASS = YES_ERROR;
				CLANG_WARN_RANGE_LOOP_ANALYSIS = YES;
				CLANG_WARN_STRICT_PROTOTYPES = YES;
				CLANG_WARN_SUSPICIOUS_MOVE = YES;
				CLANG_WARN_UNGUARDED_AVAILABILITY = YES_AGGRESSIVE;
				CLANG_WARN_UNREACHABLE_CODE = YES;
				CLANG_WARN__DUPLICATE_METHOD_MATCH = YES;
				CODE_SIGN_IDENTITY = "iPhone Developer";
				COPY_PHASE_STRIP = NO;
				DEBUG_INFORMATION_FORMAT = "dwarf-with-dsym";
				ENABLE_NS_ASSERTIONS = NO;
				ENABLE_STRICT_OBJC_MSGSEND = YES;
				GCC_C_LANGUAGE_STANDARD = gnu11;
				GCC_NO_COMMON_BLOCKS = YES;
				GCC_WARN_64_TO_32_BIT_CONVERSION = YES;
				GCC_WARN_ABOUT_RETURN_TYPE = YES_ERROR;
				GCC_WARN_UNDECLARED_SELECTOR = YES;
				GCC_WARN_UNINITIALIZED_AUTOS = YES_AGGRESSIVE;
				GCC_WARN_UNUSED_FUNCTION = YES;
				GCC_WARN_UNUSED_VARIABLE = YES;
				IPHONEOS_DEPLOYMENT_TARGET = 11.0;
				MTL_ENABLE_DEBUG_INFO = NO;
				SDKROOT = iphoneos;
				VALIDATE_PRODUCT = YES;
			};
			name = Release;
		};
		00BBCB391FF4E75A009AC432 /* Debug */ = {
			isa = XCBuildConfiguration;
			buildSettings = {
				ASSETCATALOG_COMPILER_APPICON_NAME = AppIcon;
				CODE_SIGN_STYLE = Automatic;
				DEVELOPMENT_TEAM = 3QS66793N5;
				INFOPLIST_FILE = "规格/Info.plist";
				LD_RUNPATH_SEARCH_PATHS = "$(inherited) @executable_path/Frameworks";
				PRODUCT_BUNDLE_IDENTIFIER = "com.weiyankeji.--";
				PRODUCT_NAME = "$(TARGET_NAME)";
				TARGETED_DEVICE_FAMILY = "1,2";
			};
			name = Debug;
		};
		00BBCB3A1FF4E75A009AC432 /* Release */ = {
			isa = XCBuildConfiguration;
			buildSettings = {
				ASSETCATALOG_COMPILER_APPICON_NAME = AppIcon;
				CODE_SIGN_STYLE = Automatic;
				DEVELOPMENT_TEAM = 3QS66793N5;
				INFOPLIST_FILE = "规格/Info.plist";
				LD_RUNPATH_SEARCH_PATHS = "$(inherited) @executable_path/Frameworks";
				PRODUCT_BUNDLE_IDENTIFIER = "com.weiyankeji.--";
				PRODUCT_NAME = "$(TARGET_NAME)";
				TARGETED_DEVICE_FAMILY = "1,2";
			};
			name = Release;
		};
		00BBCB3C1FF4E75A009AC432 /* Debug */ = {
			isa = XCBuildConfiguration;
			buildSettings = {
				BUNDLE_LOADER = "$(TEST_HOST)";
				CODE_SIGN_STYLE = Automatic;
				DEVELOPMENT_TEAM = 3QS66793N5;
				INFOPLIST_FILE = "规格Tests/Info.plist";
				LD_RUNPATH_SEARCH_PATHS = "$(inherited) @executable_path/Frameworks @loader_path/Frameworks";
				PRODUCT_BUNDLE_IDENTIFIER = "com.weiyankeji.--Tests";
				PRODUCT_NAME = "$(TARGET_NAME)";
				TARGETED_DEVICE_FAMILY = "1,2";
				TEST_HOST = "$(BUILT_PRODUCTS_DIR)/规格.app/规格";
			};
			name = Debug;
		};
		00BBCB3D1FF4E75A009AC432 /* Release */ = {
			isa = XCBuildConfiguration;
			buildSettings = {
				BUNDLE_LOADER = "$(TEST_HOST)";
				CODE_SIGN_STYLE = Automatic;
				DEVELOPMENT_TEAM = 3QS66793N5;
				INFOPLIST_FILE = "规格Tests/Info.plist";
				LD_RUNPATH_SEARCH_PATHS = "$(inherited) @executable_path/Frameworks @loader_path/Frameworks";
				PRODUCT_BUNDLE_IDENTIFIER = "com.weiyankeji.--Tests";
				PRODUCT_NAME = "$(TARGET_NAME)";
				TARGETED_DEVICE_FAMILY = "1,2";
				TEST_HOST = "$(BUILT_PRODUCTS_DIR)/规格.app/规格";
			};
			name = Release;
		};
		00BBCB3F1FF4E75A009AC432 /* Debug */ = {
			isa = XCBuildConfiguration;
			buildSettings = {
				CODE_SIGN_STYLE = Automatic;
				DEVELOPMENT_TEAM = 3QS66793N5;
				INFOPLIST_FILE = "规格UITests/Info.plist";
				LD_RUNPATH_SEARCH_PATHS = "$(inherited) @executable_path/Frameworks @loader_path/Frameworks";
				PRODUCT_BUNDLE_IDENTIFIER = "com.weiyankeji.--UITests";
				PRODUCT_NAME = "$(TARGET_NAME)";
				TARGETED_DEVICE_FAMILY = "1,2";
				TEST_TARGET_NAME = "规格";
			};
			name = Debug;
		};
		00BBCB401FF4E75A009AC432 /* Release */ = {
			isa = XCBuildConfiguration;
			buildSettings = {
				CODE_SIGN_STYLE = Automatic;
				DEVELOPMENT_TEAM = 3QS66793N5;
				INFOPLIST_FILE = "规格UITests/Info.plist";
				LD_RUNPATH_SEARCH_PATHS = "$(inherited) @executable_path/Frameworks @loader_path/Frameworks";
				PRODUCT_BUNDLE_IDENTIFIER = "com.weiyankeji.--UITests";
				PRODUCT_NAME = "$(TARGET_NAME)";
				TARGETED_DEVICE_FAMILY = "1,2";
				TEST_TARGET_NAME = "规格";
			};
			name = Release;
		};
/* End XCBuildConfiguration section */

/* Begin XCConfigurationList section */
		00BBCB071FF4E75A009AC432 /* Build configuration list for PBXProject "规格" */ = {
			isa = XCConfigurationList;
			buildConfigurations = (
				00BBCB361FF4E75A009AC432 /* Debug */,
				00BBCB371FF4E75A009AC432 /* Release */,
			);
			defaultConfigurationIsVisible = 0;
			defaultConfigurationName = Release;
		};
		00BBCB381FF4E75A009AC432 /* Build configuration list for PBXNativeTarget "规格" */ = {
			isa = XCConfigurationList;
			buildConfigurations = (
				00BBCB391FF4E75A009AC432 /* Debug */,
				00BBCB3A1FF4E75A009AC432 /* Release */,
			);
			defaultConfigurationIsVisible = 0;
			defaultConfigurationName = Release;
		};
		00BBCB3B1FF4E75A009AC432 /* Build configuration list for PBXNativeTarget "规格Tests" */ = {
			isa = XCConfigurationList;
			buildConfigurations = (
				00BBCB3C1FF4E75A009AC432 /* Debug */,
				00BBCB3D1FF4E75A009AC432 /* Release */,
			);
			defaultConfigurationIsVisible = 0;
			defaultConfigurationName = Release;
		};
		00BBCB3E1FF4E75A009AC432 /* Build configuration list for PBXNativeTarget "规格UITests" */ = {
			isa = XCConfigurationList;
			buildConfigurations = (
				00BBCB3F1FF4E75A009AC432 /* Debug */,
				00BBCB401FF4E75A009AC432 /* Release */,
			);
			defaultConfigurationIsVisible = 0;
			defaultConfigurationName = Release;
		};
/* End XCConfigurationList section */
	};
	rootObject = 00BBCB041FF4E75A009AC432 /* Project object */;
}
